
Microsoft Visual Studio Solution File, Format Version 12.00
# Visual Studio Version 16
VisualStudioVersion = 16.0.29613.14
MinimumVisualStudioVersion = 10.0.40219.1
Project("{FAE04EC0-301F-11D3-BF4B-00C04F79EFBC}") = "Session2", "Session2.csproj", "{82508465-C11A-4986-A3F3-AABE49083246}"
EndProject
Global
	GlobalSection(SolutionConfigurationPlatforms) = preSolution
		Debug|Any CPU = Debug|Any CPU
		Release|Any CPU = Release|Any CPU
	EndGlobalSection
	GlobalSection(ProjectConfigurationPlatforms) = postSolution
		{82508465-C11A-4986-A3F3-AABE49083246}.Debug|Any CPU.ActiveCfg = Debug|Any CPU
		{82508465-C11A-4986-A3F3-AABE49083246}.Debug|Any CPU.Build.0 = Debug|Any CPU
		{82508465-C11A-4986-A3F3-AABE49083246}.Release|Any CPU.ActiveCfg = Release|Any CPU
		{82508465-C11A-4986-A3F3-AABE49083246}.Release|Any CPU.Build.0 = Release|Any CPU
	EndGlobalSection
	GlobalSection(SolutionProperties) = preSolution
		HideSolutionNode = FALSE
	EndGlobalSection
	GlobalSection(ExtensibilityGlobals) = postSolution
		SolutionGuid = {29522B6C-BB21-421F-AB59-CCD640A9D32F}
	EndGlobalSection
EndGlobal
